
Microsoft Visual Studio Solution File, Format Version 12.00
# Visual Studio 2012
Project("{FAE04EC0-301F-11D3-BF4B-00C04F79EFBC}") = "Catwalk", "catwalk\Catwalk.csproj", "{E0CB2A68-6564-44B5-BE41-CFD1DF93B2EF}"
EndProject
Project("{FAE04EC0-301F-11D3-BF4B-00C04F79EFBC}") = "Catwalk.Tests", "Catwalk.Tests\Catwalk.Tests.csproj", "{0C5DD579-7271-4FB1-8E3F-46379469F292}"
EndProject
Project("{2150E333-8FDC-42A3-9474-1A3956D46DE8}") = "Snippets", "Snippets", "{21C4BA59-B927-44D7-980D-804A1F2539B6}"
	ProjectSection(SolutionItems) = preProject
		..\tools\snippets\commando.snippet = ..\tools\snippets\commando.snippet
		..\tools\snippets\propc.snippet = ..\tools\snippets\propc.snippet
		..\tools\snippets\propo.snippet = ..\tools\snippets\propo.snippet
	EndProjectSection
EndProject
Global
	GlobalSection(SolutionConfigurationPlatforms) = preSolution
		Debug|Any CPU = Debug|Any CPU
		Release|Any CPU = Release|Any CPU
	EndGlobalSection
	GlobalSection(ProjectConfigurationPlatforms) = postSolution
		{E0CB2A68-6564-44B5-BE41-CFD1DF93B2EF}.Debug|Any CPU.ActiveCfg = Debug|Any CPU
		{E0CB2A68-6564-44B5-BE41-CFD1DF93B2EF}.Debug|Any CPU.Build.0 = Debug|Any CPU
		{E0CB2A68-6564-44B5-BE41-CFD1DF93B2EF}.Release|Any CPU.ActiveCfg = Release|Any CPU
		{E0CB2A68-6564-44B5-BE41-CFD1DF93B2EF}.Release|Any CPU.Build.0 = Release|Any CPU
		{0C5DD579-7271-4FB1-8E3F-46379469F292}.Debug|Any CPU.ActiveCfg = Debug|Any CPU
		{0C5DD579-7271-4FB1-8E3F-46379469F292}.Debug|Any CPU.Build.0 = Debug|Any CPU
		{0C5DD579-7271-4FB1-8E3F-46379469F292}.Release|Any CPU.ActiveCfg = Release|Any CPU
		{0C5DD579-7271-4FB1-8E3F-46379469F292}.Release|Any CPU.Build.0 = Release|Any CPU
	EndGlobalSection
	GlobalSection(SolutionProperties) = preSolution
		HideSolutionNode = FALSE
	EndGlobalSection
EndGlobal
